
Microsoft Visual Studio Solution File, Format Version 12.00
# Visual Studio Version 17
VisualStudioVersion = 17.0.31903.59
MinimumVisualStudioVersion = 10.0.40219.1
Project("{FAE04EC0-301F-11D3-BF4B-00C04F79EFBC}") = "StrikeLedger", "StrikeLedger.csproj", "{400FE753-5393-4DE2-AC1F-53B01DE4B8A2}"
EndProject
Project("{FAE04EC0-301F-11D3-BF4B-00C04F79EFBC}") = "StrikeLedger.Core", "..\src\StrikeLedger.Core\StrikeLedger.Core.csproj", "{ABDF0441-24DF-46B2-9335-510FAEDC7736}"
EndProject
Project("{FAE04EC0-301F-11D3-BF4B-00C04F79EFBC}") = "StrikeLedger.App", "..\src\StrikeLedger.App\StrikeLedger.App.csproj", "{B1585F2C-EA18-4865-98BF-3AC364D7E6B3}"
EndProject
Global
	GlobalSection(SolutionConfigurationPlatforms) = preSolution
		Debug|Any CPU = Debug|Any CPU
		Release|Any CPU = Release|Any CPU
	EndGlobalSection
	GlobalSection(SolutionProperties) = preSolution
		HideSolutionNode = FALSE
	EndGlobalSection
	GlobalSection(ProjectConfigurationPlatforms) = postSolution
		{400FE753-5393-4DE2-AC1F-53B01DE4B8A2}.Debug|Any CPU.ActiveCfg = Debug|Any CPU
		{400FE753-5393-4DE2-AC1F-53B01DE4B8A2}.Debug|Any CPU.Build.0 = Debug|Any CPU
		{400FE753-5393-4DE2-AC1F-53B01DE4B8A2}.Release|Any CPU.ActiveCfg = Debug|Any CPU
		{400FE753-5393-4DE2-AC1F-53B01DE4B8A2}.Release|Any CPU.Build.0 = Debug|Any CPU
		{ABDF0441-24DF-46B2-9335-510FAEDC7736}.Debug|Any CPU.ActiveCfg = Debug|Any CPU
		{ABDF0441-24DF-46B2-9335-510FAEDC7736}.Debug|Any CPU.Build.0 = Debug|Any CPU
		{ABDF0441-24DF-46B2-9335-510FAEDC7736}.Release|Any CPU.ActiveCfg = Release|Any CPU
		{ABDF0441-24DF-46B2-9335-510FAEDC7736}.Release|Any CPU.Build.0 = Release|Any CPU
		{B1585F2C-EA18-4865-98BF-3AC364D7E6B3}.Debug|Any CPU.ActiveCfg = Debug|Any CPU
		{B1585F2C-EA18-4865-98BF-3AC364D7E6B3}.Debug|Any CPU.Build.0 = Debug|Any CPU
		{B1585F2C-EA18-4865-98BF-3AC364D7E6B3}.Release|Any CPU.ActiveCfg = Release|Any CPU
		{B1585F2C-EA18-4865-98BF-3AC364D7E6B3}.Release|Any CPU.Build.0 = Release|Any CPU
	EndGlobalSection
EndGlobal
